
Microsoft Visual Studio Solution File, Format Version 12.00
# Visual Studio Version 17
VisualStudioVersion = 17.9.34728.123
MinimumVisualStudioVersion = 10.0.40219.1
Project("{FAE04EC0-301F-11D3-BF4B-00C04F79EFBC}") = "GetVKLink", "GetVKLink\GetVKLink.csproj", "{3F613403-236C-4ED9-BF61-D0BABF406923}"
EndProject
Global
	GlobalSection(SolutionConfigurationPlatforms) = preSolution
		Debug|Any CPU = Debug|Any CPU
		Release|Any CPU = Release|Any CPU
	EndGlobalSection
	GlobalSection(ProjectConfigurationPlatforms) = postSolution
		{3F613403-236C-4ED9-BF61-D0BABF406923}.Debug|Any CPU.ActiveCfg = Debug|Any CPU
		{3F613403-236C-4ED9-BF61-D0BABF406923}.Debug|Any CPU.Build.0 = Debug|Any CPU
		{3F613403-236C-4ED9-BF61-D0BABF406923}.Release|Any CPU.ActiveCfg = Release|Any CPU
		{3F613403-236C-4ED9-BF61-D0BABF406923}.Release|Any CPU.Build.0 = Release|Any CPU
	EndGlobalSection
	GlobalSection(SolutionProperties) = preSolution
		HideSolutionNode = FALSE
	EndGlobalSection
	GlobalSection(ExtensibilityGlobals) = postSolution
		SolutionGuid = {23BBF693-5EAF-4772-BC2D-4128F03CC3F1}
	EndGlobalSection
EndGlobal
